
Microsoft Visual Studio Solution File, Format Version 11.00
# Visual Studio 2010
Project("{FAE04EC0-301F-11D3-BF4B-00C04F79EFBC}") = "RegalPrime - UnityEngine", "Assembly-CSharp.csproj", "{6CD6F161-CBE2-E464-BA9C-B0D37CE92F98}"
EndProject
Project("{FAE04EC0-301F-11D3-BF4B-00C04F79EFBC}") = "RegalPrime - UnityEngine", "Assembly-CSharp-Editor.csproj", "{3562D16A-9B11-EFC6-098B-263377F6FFCC}"
EndProject
Global
	GlobalSection(SolutionConfigurationPlatforms) = preSolution
		Debug|Any CPU = Debug|Any CPU
		Release|Any CPU = Release|Any CPU
	EndGlobalSection
	GlobalSection(ProjectConfigurationPlatforms) = postSolution
		{6CD6F161-CBE2-E464-BA9C-B0D37CE92F98}.Debug|Any CPU.ActiveCfg = Debug|Any CPU
		{6CD6F161-CBE2-E464-BA9C-B0D37CE92F98}.Debug|Any CPU.Build.0 = Debug|Any CPU
		{6CD6F161-CBE2-E464-BA9C-B0D37CE92F98}.Release|Any CPU.ActiveCfg = Release|Any CPU
		{6CD6F161-CBE2-E464-BA9C-B0D37CE92F98}.Release|Any CPU.Build.0 = Release|Any CPU
		{3562D16A-9B11-EFC6-098B-263377F6FFCC}.Debug|Any CPU.ActiveCfg = Debug|Any CPU
		{3562D16A-9B11-EFC6-098B-263377F6FFCC}.Debug|Any CPU.Build.0 = Debug|Any CPU
		{3562D16A-9B11-EFC6-098B-263377F6FFCC}.Release|Any CPU.ActiveCfg = Release|Any CPU
		{3562D16A-9B11-EFC6-098B-263377F6FFCC}.Release|Any CPU.Build.0 = Release|Any CPU
	EndGlobalSection
	GlobalSection(SolutionProperties) = preSolution
		HideSolutionNode = FALSE
	EndGlobalSection
	GlobalSection(MonoDevelopProperties) = preSolution
		StartupItem = Assembly-CSharp.csproj
	EndGlobalSection
EndGlobal
